dependencies:
- name: azoth
  repository: oci://ghcr.io/helmetica-framework
  version: 0.0.2
- name: redis-ha
  repository: oci://ghcr.io/helmetica-framework
  version: 4.39.1
digest: sha256:77a10d3ae5707701b5a14b5557f147fb8bc5162922250901c904955827eb6944
generated: "2026-09-16T11:41:21.503913057Z"
